{
  "version": 4,
  "terraform_version": "1.10.5",
  "serial": 66,
  "lineage": "0148ab87-50eb-4693-fe98-499b55fd13ea",
  "outputs": {},
  "resources": [
    {
      "mode": "managed",
      "type": "aws_eip",
      "name": "ec2_ip",
      "provider": "provider[\"registry.terraform.io/hashicorp/aws\"]",
      "instances": [
        {
          "schema_version": 0,
          "attributes": {
            "address": null,
            "allocation_id": "eipalloc-0d4509dbad2a1dee5",
            "arn": "arn:aws:ec2:us-east-1:739275463519:elastic-ip/eipalloc-0d4509dbad2a1dee5",
            "associate_with_private_ip": null,
            "association_id": "",
            "carrier_ip": "",
            "customer_owned_ip": "",
            "customer_owned_ipv4_pool": "",
            "domain": "vpc",
            "id": "eipalloc-0d4509dbad2a1dee5",
            "instance": "",
            "ipam_pool_id": null,
            "network_border_group": "us-east-1",
            "network_interface": "",
            "private_dns": null,
            "private_ip": "",
            "ptr_record": "",
            "public_dns": "ec2-35-173-118-224.compute-1.amazonaws.com",
            "public_ip": "35.173.118.224",
            "public_ipv4_pool": "amazon",
            "tags": {
              "Name": "dev-my-eip-ec2"
            },
            "tags_all": {
              "Name": "dev-my-eip-ec2"
            },
            "timeouts": null,
            "vpc": true
          },
          "sensitive_attributes": [],
          "private": "eyJlMmJmYjczMC1lY2FhLTExZTYtOGY4OC0zNDM2M2JjN2M0YzAiOnsiZGVsZXRlIjoxODAwMDAwMDAwMDAsInJlYWQiOjkwMDAwMDAwMDAwMCwidXBkYXRlIjozMDAwMDAwMDAwMDB9fQ=="
        }
      ]
    },
    {
      "mode": "managed",
      "type": "aws_eip_association",
      "name": "ip_association",
      "provider": "provider[\"registry.terraform.io/hashicorp/aws\"]",
      "instances": [
        {
          "schema_version": 0,
          "attributes": {
            "allocation_id": "eipalloc-0d4509dbad2a1dee5",
            "allow_reassociation": null,
            "id": "eipassoc-00857580b3d2a11ce",
            "instance_id": "i-065ba69a9adfe9f8e",
            "network_interface_id": "eni-07250b506eea0ae9b",
            "private_ip_address": "10.0.1.152",
            "public_ip": "35.173.118.224"
          },
          "sensitive_attributes": [],
          "private": "bnVsbA==",
          "dependencies": [
            "aws_eip.ec2_ip",
            "aws_instance.instance",
            "aws_key_pair.generated_key",
            "aws_security_group.sg",
            "aws_subnet.public_subnet",
            "aws_vpc.vpc",
            "tls_private_key.terraform_key"
          ]
        }
      ]
    },
    {
      "mode": "managed",
      "type": "aws_instance",
      "name": "instance",
      "provider": "provider[\"registry.terraform.io/hashicorp/aws\"]",
      "instances": [
        {
          "schema_version": 1,
          "attributes": {
            "ami": "ami-04b4f1a9cf54c11d0",
            "arn": "arn:aws:ec2:us-east-1:739275463519:instance/i-065ba69a9adfe9f8e",
            "associate_public_ip_address": true,
            "availability_zone": "us-east-1e",
            "capacity_reservation_specification": [
              {
                "capacity_reservation_preference": "open",
                "capacity_reservation_target": []
              }
            ],
            "cpu_core_count": 1,
            "cpu_options": [
              {
                "amd_sev_snp": "",
                "core_count": 1,
                "threads_per_core": 1
              }
            ],
            "cpu_threads_per_core": 1,
            "credit_specification": [
              {
                "cpu_credits": "standard"
              }
            ],
            "disable_api_stop": false,
            "disable_api_termination": false,
            "ebs_block_device": [],
            "ebs_optimized": false,
            "enable_primary_ipv6": null,
            "enclave_options": [
              {
                "enabled": false
              }
            ],
            "ephemeral_block_device": [],
            "get_password_data": false,
            "hibernation": false,
            "host_id": "",
            "host_resource_group_arn": null,
            "iam_instance_profile": "",
            "id": "i-065ba69a9adfe9f8e",
            "instance_initiated_shutdown_behavior": "stop",
            "instance_lifecycle": "",
            "instance_market_options": [],
            "instance_state": "running",
            "instance_type": "t2.micro",
            "ipv6_address_count": 0,
            "ipv6_addresses": [],
            "key_name": "my-test-key",
            "launch_template": [],
            "maintenance_options": [
              {
                "auto_recovery": "default"
              }
            ],
            "metadata_options": [
              {
                "http_endpoint": "enabled",
                "http_protocol_ipv6": "disabled",
                "http_put_response_hop_limit": 2,
                "http_tokens": "required",
                "instance_metadata_tags": "disabled"
              }
            ],
            "monitoring": false,
            "network_interface": [],
            "outpost_arn": "",
            "password_data": "",
            "placement_group": "",
            "placement_partition_number": 0,
            "primary_network_interface_id": "eni-07250b506eea0ae9b",
            "private_dns": "ip-10-0-1-152.ec2.internal",
            "private_dns_name_options": [
              {
                "enable_resource_name_dns_a_record": false,
                "enable_resource_name_dns_aaaa_record": false,
                "hostname_type": "ip-name"
              }
            ],
            "private_ip": "10.0.1.152",
            "public_dns": "ec2-34-204-61-147.compute-1.amazonaws.com",
            "public_ip": "34.204.61.147",
            "root_block_device": [
              {
                "delete_on_termination": true,
                "device_name": "/dev/sda1",
                "encrypted": false,
                "iops": 3000,
                "kms_key_id": "",
                "tags": {},
                "tags_all": {},
                "throughput": 125,
                "volume_id": "vol-0d9bc42f9ba46c12c",
                "volume_size": 8,
                "volume_type": "gp3"
              }
            ],
            "secondary_private_ips": [],
            "security_groups": [
              "sg-053c160c1a4f2377c"
            ],
            "source_dest_check": true,
            "spot_instance_request_id": "",
            "subnet_id": "subnet-0a695b022d194fbcf",
            "tags": {
              "Environment": "dev",
              "Name": "dev-test-ec2"
            },
            "tags_all": {
              "Environment": "dev",
              "Name": "dev-test-ec2"
            },
            "tenancy": "default",
            "timeouts": null,
            "user_data": null,
            "user_data_base64": null,
            "user_data_replace_on_change": false,
            "volume_tags": null,
            "vpc_security_group_ids": [
              "sg-053c160c1a4f2377c"
            ]
          },
          "sensitive_attributes": [],
          "private": "eyJlMmJmYjczMC1lY2FhLTExZTYtOGY4OC0zNDM2M2JjN2M0YzAiOnsiY3JlYXRlIjo2MDAwMDAwMDAwMDAsImRlbGV0ZSI6MTIwMDAwMDAwMDAwMCwicmVhZCI6OTAwMDAwMDAwMDAwLCJ1cGRhdGUiOjYwMDAwMDAwMDAwMH0sInNjaGVtYV92ZXJzaW9uIjoiMSJ9",
          "dependencies": [
            "aws_key_pair.generated_key",
            "aws_security_group.sg",
            "aws_subnet.public_subnet",
            "aws_vpc.vpc",
            "tls_private_key.terraform_key"
          ]
        }
      ]
    },
    {
      "mode": "managed",
      "type": "aws_internet_gateway",
      "name": "my_igw",
      "provider": "provider[\"registry.terraform.io/hashicorp/aws\"]",
      "instances": [
        {
          "schema_version": 0,
          "attributes": {
            "arn": "arn:aws:ec2:us-east-1:739275463519:internet-gateway/igw-097eca738f0a1df0d",
            "id": "igw-097eca738f0a1df0d",
            "owner_id": "739275463519",
            "tags": {
              "Name": "dev-my-igw"
            },
            "tags_all": {
              "Name": "dev-my-igw"
            },
            "timeouts": null,
            "vpc_id": "vpc-074a59c355bc4432a"
          },
          "sensitive_attributes": [],
          "private": "eyJlMmJmYjczMC1lY2FhLTExZTYtOGY4OC0zNDM2M2JjN2M0YzAiOnsiY3JlYXRlIjoxMjAwMDAwMDAwMDAwLCJkZWxldGUiOjEyMDAwMDAwMDAwMDAsInVwZGF0ZSI6MTIwMDAwMDAwMDAwMH19",
          "dependencies": [
            "aws_vpc.vpc"
          ]
        }
      ]
    },
    {
      "mode": "managed",
      "type": "aws_key_pair",
      "name": "generated_key",
      "provider": "provider[\"registry.terraform.io/hashicorp/aws\"]",
      "instances": [
        {
          "schema_version": 1,
          "attributes": {
            "arn": "arn:aws:ec2:us-east-1:739275463519:key-pair/my-test-key",
            "fingerprint": "0f:ca:c8:71:4c:28:f3:53:78:71:37:82:8d:72:a6:5f",
            "id": "my-test-key",
            "key_name": "my-test-key",
            "key_name_prefix": "",
            "key_pair_id": "key-00a2eefd8d93f540e",
            "key_type": "rsa",
            "public_key": "ssh-rsa AAAAB3NzaC1yc2EAAAADAQABAAABAQC8bVn2gsb5041T/HrM0DDZ3MpcTJYLuYTbb0p1VDdMwqOjyvzmS4VE/zQZkzn4PiRMvapB2xxXIsG4ife2gHgM1xcYGT3wM4bvke7cyzASqXclFRt41HXHGjdHkdvdxbFKom2SZ8j0PIrYTbwoy+7iEjyDSenLh3wM1xz8kX4aFJ8o9U9s6mDbe80conUzSJEHhKzTtTOG9ELqEWrmrio6LkjZOS53scy8wR5M4JNOvHhYzKylHPO2bKWtzX5NX+IJgvtafSqJvCavggvavTg2oqDau7Vhp37HiG1B4rJWMX36DsBHoRmCailhLvIsBb02pcfLIfV7K6n81gg+MkMP",
            "tags": null,
            "tags_all": {}
          },
          "sensitive_attributes": [],
          "private": "eyJzY2hlbWFfdmVyc2lvbiI6IjEifQ==",
          "dependencies": [
            "tls_private_key.terraform_key"
          ]
        }
      ]
    },
    {
      "mode": "managed",
      "type": "aws_route_table",
      "name": "pub_rt",
      "provider": "provider[\"registry.terraform.io/hashicorp/aws\"]",
      "instances": [
        {
          "schema_version": 0,
          "attributes": {
            "arn": "arn:aws:ec2:us-east-1:739275463519:route-table/rtb-0ce768661644033e8",
            "id": "rtb-0ce768661644033e8",
            "owner_id": "739275463519",
            "propagating_vgws": [],
            "route": [
              {
                "carrier_gateway_id": "",
                "cidr_block": "0.0.0.0/0",
                "core_network_arn": "",
                "destination_prefix_list_id": "",
                "egress_only_gateway_id": "",
                "gateway_id": "igw-097eca738f0a1df0d",
                "ipv6_cidr_block": "",
                "local_gateway_id": "",
                "nat_gateway_id": "",
                "network_interface_id": "",
                "transit_gateway_id": "",
                "vpc_endpoint_id": "",
                "vpc_peering_connection_id": ""
              }
            ],
            "tags": {
              "Name": "dev-my_igw"
            },
            "tags_all": {
              "Name": "dev-my_igw"
            },
            "timeouts": null,
            "vpc_id": "vpc-074a59c355bc4432a"
          },
          "sensitive_attributes": [],
          "private": "eyJlMmJmYjczMC1lY2FhLTExZTYtOGY4OC0zNDM2M2JjN2M0YzAiOnsiY3JlYXRlIjozMDAwMDAwMDAwMDAsImRlbGV0ZSI6MzAwMDAwMDAwMDAwLCJ1cGRhdGUiOjEyMDAwMDAwMDAwMH19",
          "dependencies": [
            "aws_internet_gateway.my_igw",
            "aws_vpc.vpc"
          ]
        }
      ]
    },
    {
      "mode": "managed",
      "type": "aws_route_table_association",
      "name": "rt_a",
      "provider": "provider[\"registry.terraform.io/hashicorp/aws\"]",
      "instances": [
        {
          "schema_version": 0,
          "attributes": {
            "gateway_id": "",
            "id": "rtbassoc-03438e3ddf2993e4f",
            "route_table_id": "rtb-0ce768661644033e8",
            "subnet_id": "subnet-0a695b022d194fbcf",
            "timeouts": null
          },
          "sensitive_attributes": [],
          "private": "eyJlMmJmYjczMC1lY2FhLTExZTYtOGY4OC0zNDM2M2JjN2M0YzAiOnsiY3JlYXRlIjozMDAwMDAwMDAwMDAsImRlbGV0ZSI6MzAwMDAwMDAwMDAwLCJ1cGRhdGUiOjEyMDAwMDAwMDAwMH19",
          "dependencies": [
            "aws_internet_gateway.my_igw",
            "aws_route_table.pub_rt",
            "aws_subnet.public_subnet",
            "aws_vpc.vpc"
          ]
        }
      ]
    },
    {
      "mode": "managed",
      "type": "aws_security_group",
      "name": "sg",
      "provider": "provider[\"registry.terraform.io/hashicorp/aws\"]",
      "instances": [
        {
          "schema_version": 1,
          "attributes": {
            "arn": "arn:aws:ec2:us-east-1:739275463519:security-group/sg-053c160c1a4f2377c",
            "description": "Security Group for Ips",
            "egress": [
              {
                "cidr_blocks": [
                  "0.0.0.0/0"
                ],
                "description": "",
                "from_port": 0,
                "ipv6_cidr_blocks": [],
                "prefix_list_ids": [],
                "protocol": "-1",
                "security_groups": [],
                "self": false,
                "to_port": 0
              }
            ],
            "id": "sg-053c160c1a4f2377c",
            "ingress": [
              {
                "cidr_blocks": [
                  "0.0.0.0/0"
                ],
                "description": "",
                "from_port": 22,
                "ipv6_cidr_blocks": [],
                "prefix_list_ids": [],
                "protocol": "tcp",
                "security_groups": [],
                "self": false,
                "to_port": 22
              },
              {
                "cidr_blocks": [
                  "0.0.0.0/0"
                ],
                "description": "",
                "from_port": 3000,
                "ipv6_cidr_blocks": [],
                "prefix_list_ids": [],
                "protocol": "tcp",
                "security_groups": [],
                "self": false,
                "to_port": 3000
              },
              {
                "cidr_blocks": [
                  "0.0.0.0/0"
                ],
                "description": "",
                "from_port": 80,
                "ipv6_cidr_blocks": [],
                "prefix_list_ids": [],
                "protocol": "tcp",
                "security_groups": [],
                "self": false,
                "to_port": 80
              }
            ],
            "name": "dev-sg",
            "name_prefix": "",
            "owner_id": "739275463519",
            "revoke_rules_on_delete": false,
            "tags": {
              "Environment": "dev",
              "Name": "dev-web-sg"
            },
            "tags_all": {
              "Environment": "dev",
              "Name": "dev-web-sg"
            },
            "timeouts": null,
            "vpc_id": "vpc-074a59c355bc4432a"
          },
          "sensitive_attributes": [],
          "private": "eyJlMmJmYjczMC1lY2FhLTExZTYtOGY4OC0zNDM2M2JjN2M0YzAiOnsiY3JlYXRlIjo2MDAwMDAwMDAwMDAsImRlbGV0ZSI6OTAwMDAwMDAwMDAwfSwic2NoZW1hX3ZlcnNpb24iOiIxIn0=",
          "dependencies": [
            "aws_vpc.vpc"
          ]
        }
      ]
    },
    {
      "mode": "managed",
      "type": "aws_subnet",
      "name": "public_subnet",
      "provider": "provider[\"registry.terraform.io/hashicorp/aws\"]",
      "instances": [
        {
          "index_key": 0,
          "schema_version": 1,
          "attributes": {
            "arn": "arn:aws:ec2:us-east-1:739275463519:subnet/subnet-0a695b022d194fbcf",
            "assign_ipv6_address_on_creation": false,
            "availability_zone": "us-east-1e",
            "availability_zone_id": "use1-az3",
            "cidr_block": "10.0.1.0/24",
            "customer_owned_ipv4_pool": "",
            "enable_dns64": false,
            "enable_lni_at_device_index": 0,
            "enable_resource_name_dns_a_record_on_launch": false,
            "enable_resource_name_dns_aaaa_record_on_launch": false,
            "id": "subnet-0a695b022d194fbcf",
            "ipv6_cidr_block": "",
            "ipv6_cidr_block_association_id": "",
            "ipv6_native": false,
            "map_customer_owned_ip_on_launch": false,
            "map_public_ip_on_launch": false,
            "outpost_arn": "",
            "owner_id": "739275463519",
            "private_dns_hostname_type_on_launch": "ip-name",
            "tags": {
              "Name": "dev-public-subnet-1"
            },
            "tags_all": {
              "Name": "dev-public-subnet-1"
            },
            "timeouts": null,
            "vpc_id": "vpc-074a59c355bc4432a"
          },
          "sensitive_attributes": [],
          "private": "eyJlMmJmYjczMC1lY2FhLTExZTYtOGY4OC0zNDM2M2JjN2M0YzAiOnsiY3JlYXRlIjo2MDAwMDAwMDAwMDAsImRlbGV0ZSI6MTIwMDAwMDAwMDAwMH0sInNjaGVtYV92ZXJzaW9uIjoiMSJ9",
          "dependencies": [
            "aws_vpc.vpc"
          ]
        }
      ]
    },
    {
      "mode": "managed",
      "type": "aws_vpc",
      "name": "vpc",
      "provider": "provider[\"registry.terraform.io/hashicorp/aws\"]",
      "instances": [
        {
          "schema_version": 1,
          "attributes": {
            "arn": "arn:aws:ec2:us-east-1:739275463519:vpc/vpc-074a59c355bc4432a",
            "assign_generated_ipv6_cidr_block": false,
            "cidr_block": "10.0.0.0/16",
            "default_network_acl_id": "acl-0bbc75b04593416ec",
            "default_route_table_id": "rtb-0c539d3c0ae1e7f9f",
            "default_security_group_id": "sg-0b0c2058358b6057b",
            "dhcp_options_id": "dopt-0fd324f28ee13fb1d",
            "enable_dns_hostnames": true,
            "enable_dns_support": true,
            "enable_network_address_usage_metrics": false,
            "id": "vpc-074a59c355bc4432a",
            "instance_tenancy": "default",
            "ipv4_ipam_pool_id": null,
            "ipv4_netmask_length": null,
            "ipv6_association_id": "",
            "ipv6_cidr_block": "",
            "ipv6_cidr_block_network_border_group": "",
            "ipv6_ipam_pool_id": "",
            "ipv6_netmask_length": 0,
            "main_route_table_id": "rtb-0c539d3c0ae1e7f9f",
            "owner_id": "739275463519",
            "tags": {
              "Environment": "dev",
              "Name": "dev-vpc"
            },
            "tags_all": {
              "Environment": "dev",
              "Name": "dev-vpc"
            }
          },
          "sensitive_attributes": [],
          "private": "eyJzY2hlbWFfdmVyc2lvbiI6IjEifQ=="
        }
      ]
    },
    {
      "mode": "managed",
      "type": "local_file",
      "name": "private_key",
      "provider": "provider[\"registry.terraform.io/hashicorp/local\"]",
      "instances": [
        {
          "schema_version": 0,
          "attributes": {
            "content": "-----BEGIN RSA PRIVATE KEY-----\nMIIEpQIBAAKCAQEAvG1Z9oLG+dONU/x6zNAw2dzKXEyWC7mE229KdVQ3TMKjo8r8\n5kuFRP80GZM5+D4kTL2qQdscVyLBuIn3toB4DNcXGBk98DOG75Hu3MswEql3JRUb\neNR1xxo3R5Hb3cWxSqJtkmfI9DyK2E28KMvu4hI8g0npy4d8DNcc/JF+GhSfKPVP\nbOpg23vNHKJ1M0iRB4Ss07UzhvRC6hFq5q4qOi5I2Tkud7HMvMEeTOCTTrx4WMys\npRzztmylrc1+TV/iCYL7Wn0qibwmr4IL2r04NqKg2ru1Yad+x4htQeKyVjF9+g7A\nR6EZgmopYS7yLAW9NqXHyyH1eyup/NYIPjJDDwIDAQABAoIBAGEpehRVR0kXv26p\naKEoUahl46tIiq6tEUcd0iVCMenRDBSv3UzbcHMtra3qbyAE2y7/NkYTOD/uWjpQ\nWn2vLThhyTTR/1BXIaNzeto7pCRbYmaqxam+1KTAbfTnz5pCELPNofa2sbbPaUE0\nhGv9DMdiY/XHLVmYGW19lyLd20qSqJiKAVxdQOKLZjCpVTnMUCg8bIOnS9sVEbR2\nXLazs7oSbb4oC5Vm7c/G4KePzZGIletZPRLdm/1761FzVl70kyd4pvUeLZuioqhe\nLD0vskia8i6PkSOvKIli4oBwHLhNGp+A60pjpR5jdOJJ300vCOGdw2v1RHFp7xz8\nLVpmUMECgYEA64NmjvOErYjMjIAb46NAFMoA0s+v3UiZnezAqplZzeloXRXMnfMh\nDHlUI10egoYNUxbmXkKn4JaASngW7FHihn3LHdmPGoC4gSC2FXEprqYD0/Yc2NMm\n+Kwrw37jD6X/iPBja6KBZHhOQtTakDTQnsetZrHWXhf0A8Stlewr/tECgYEAzNFm\nIkDlXYLsB/Z6fpIBl5U/dL+WQZsF/fUeUi3nbKZMFMGrEBM4QyELMeJv7O1sWcE7\nV+neTe5dxIqsQQfI6bQkO//xsXtLI+gHD33VS4k3reYL7uEhmoK5T1z0WsuiXiXt\nutN2Zxq9cSXgGtNUCnHjsNqRBgri7EyWHoxbW98CgYEAlOWcf6BiL7yfZezQtRjP\nONWFs8Jus35k8L1wCeuuJUr+Gmvf07SVHmfO1BTZZzgNUIzX1Jxbutgr/+jwxTP3\n/YOmWRblLKJZA/qEZAYJjkuTe/zLvCGzL+DaQl0EfS474n3ovXIeUEDnacVc8XMS\nunAPpy+kEhUexwsfm/uWzSECgYEAsk9Oql1zEXDsSZZkWBKGfk/5uYsdpanvkoM2\nTXcXNbilHaDpawpAffijhV9L76lXHeCi6Et7NL9jNLtBcS/00rj4np+Y69mZtf3H\nP85dxfAE4EkZdHLczWYnLBeRyAXmKi69A1wbhXF7IalGrDP0w08ZWZs+jFMn8W5P\ndvLcimMCgYEAvZqpwX/UTXp2WRz6d+kQ/kbswWElzwAIyVu2zGEuKgrtvQ78etf6\nUY++6KgOfBxpvy4f0D164HgC7BdeDIOvoMfhGDOmanWxCrQlpUAa7zAu6sxE2PDL\nFcQGOOhwjoaXxe+4ViC1LisN9ccw6Y92rmrXqYm9jazvletY5pWX+8o=\n-----END RSA PRIVATE KEY-----\n",
            "content_base64": null,
            "content_base64sha256": "Zt6/Fa+5CpcFFMouPk+NsczQx+PAHlguxGpUd8RvA2s=",
            "content_base64sha512": "MgIoNAtmx5uD5pGXqoroLPqryITexCLwejoZ5HjlbvNcheHu6aQcJafWj/g/4jVjOyDyIUYj6emmStVn6vu6lg==",
            "content_md5": "dd407c08e49235819eaf71becf2a6148",
            "content_sha1": "267dd4e121e775acc1d48ee523e08f3f694611b8",
            "content_sha256": "66debf15afb90a970514ca2e3e4f8db1ccd0c7e3c01e582ec46a5477c46f036b",
            "content_sha512": "320228340b66c79b83e69197aa8ae82cfaabc884dec422f07a3a19e478e56ef35c85e1eee9a41c25a7d68ff83fe235633b20f2214623e9e9a64ad567eafbba96",
            "directory_permission": "0777",
            "file_permission": "0600",
            "filename": "./my-test-key.pem",
            "id": "267dd4e121e775acc1d48ee523e08f3f694611b8",
            "sensitive_content": null,
            "source": null
          },
          "sensitive_attributes": [
            [
              {
                "type": "get_attr",
                "value": "content"
              }
            ],
            [
              {
                "type": "get_attr",
                "value": "sensitive_content"
              }
            ]
          ],
          "dependencies": [
            "tls_private_key.terraform_key"
          ]
        }
      ]
    },
    {
      "mode": "managed",
      "type": "tls_private_key",
      "name": "terraform_key",
      "provider": "provider[\"registry.terraform.io/hashicorp/tls\"]",
      "instances": [
        {
          "schema_version": 1,
          "attributes": {
            "algorithm": "RSA",
            "ecdsa_curve": "P224",
            "id": "1dbc6aa24c923bc3d8d1f583946713393d22692d",
            "private_key_openssh": "-----BEGIN OPENSSH PRIVATE KEY-----\nb3BlbnNzaC1rZXktdjEAAAAABG5vbmUAAAAEbm9uZQAAAAAAAAABAAABFwAAAAdz\nc2gtcnNhAAAAAwEAAQAAAQEAvG1Z9oLG+dONU/x6zNAw2dzKXEyWC7mE229KdVQ3\nTMKjo8r85kuFRP80GZM5+D4kTL2qQdscVyLBuIn3toB4DNcXGBk98DOG75Hu3Msw\nEql3JRUbeNR1xxo3R5Hb3cWxSqJtkmfI9DyK2E28KMvu4hI8g0npy4d8DNcc/JF+\nGhSfKPVPbOpg23vNHKJ1M0iRB4Ss07UzhvRC6hFq5q4qOi5I2Tkud7HMvMEeTOCT\nTrx4WMyspRzztmylrc1+TV/iCYL7Wn0qibwmr4IL2r04NqKg2ru1Yad+x4htQeKy\nVjF9+g7AR6EZgmopYS7yLAW9NqXHyyH1eyup/NYIPjJDDwAAA7jd3OgS3dzoEgAA\nAAdzc2gtcnNhAAABAQC8bVn2gsb5041T/HrM0DDZ3MpcTJYLuYTbb0p1VDdMwqOj\nyvzmS4VE/zQZkzn4PiRMvapB2xxXIsG4ife2gHgM1xcYGT3wM4bvke7cyzASqXcl\nFRt41HXHGjdHkdvdxbFKom2SZ8j0PIrYTbwoy+7iEjyDSenLh3wM1xz8kX4aFJ8o\n9U9s6mDbe80conUzSJEHhKzTtTOG9ELqEWrmrio6LkjZOS53scy8wR5M4JNOvHhY\nzKylHPO2bKWtzX5NX+IJgvtafSqJvCavggvavTg2oqDau7Vhp37HiG1B4rJWMX36\nDsBHoRmCailhLvIsBb02pcfLIfV7K6n81gg+MkMPAAAAAwEAAQAAAQBhKXoUVUdJ\nF79uqWihKFGoZeOrSIqurRFHHdIlQjHp0QwUr91M23BzLa2t6m8gBNsu/zZGEzg/\n7lo6UFp9ry04Yck00f9QVyGjc3raO6QkW2JmqsWpvtSkwG3058+aQhCzzaH2trG2\nz2lBNIRr/QzHYmP1xy1ZmBltfZci3dtKkqiYigFcXUDii2YwqVU5zFAoPGyDp0vb\nFRG0dly2s7O6Em2+KAuVZu3PxuCnj82RiJXrWT0S3Zv9e+tRc1Ze9JMneKb1Hi2b\noqKoXiw9L7JImvIuj5EjryiJYuKAcBy4TRqfgOtKY6UeY3TiSd9NLwjhncNr9URx\nae8c/C1aZlDBAAAAgQC9mqnBf9RNenZZHPp36RD+RuzBYSXPAAjJW7bMYS4qCu29\nDvx61/pRj77oqA58HGm/Lh/QPXrgeALsF14Mg6+gx+EYM6ZqdbEKtCWlQBrvMC7q\nzETY8MsVxAY46HCOhpfF77hWILUuKw31xzDpj3auatepib2NrO+V61jmlZf7ygAA\nAIEA64NmjvOErYjMjIAb46NAFMoA0s+v3UiZnezAqplZzeloXRXMnfMhDHlUI10e\ngoYNUxbmXkKn4JaASngW7FHihn3LHdmPGoC4gSC2FXEprqYD0/Yc2NMm+Kwrw37j\nD6X/iPBja6KBZHhOQtTakDTQnsetZrHWXhf0A8Stlewr/tEAAACBAMzRZiJA5V2C\n7Af2en6SAZeVP3S/lkGbBf31HlIt52ymTBTBqxATOEMhCzHib+ztbFnBO1fp3k3u\nXcSKrEEHyOm0JDv/8bF7SyPoBw991UuJN63mC+7hIZqCuU9c9FrLol4l7brTdmca\nvXEl4BrTVApx47DakQYK4uxMlh6MW1vfAAAAAAEC\n-----END OPENSSH PRIVATE KEY-----\n",
            "private_key_pem": "-----BEGIN RSA PRIVATE KEY-----\nMIIEpQIBAAKCAQEAvG1Z9oLG+dONU/x6zNAw2dzKXEyWC7mE229KdVQ3TMKjo8r8\n5kuFRP80GZM5+D4kTL2qQdscVyLBuIn3toB4DNcXGBk98DOG75Hu3MswEql3JRUb\neNR1xxo3R5Hb3cWxSqJtkmfI9DyK2E28KMvu4hI8g0npy4d8DNcc/JF+GhSfKPVP\nbOpg23vNHKJ1M0iRB4Ss07UzhvRC6hFq5q4qOi5I2Tkud7HMvMEeTOCTTrx4WMys\npRzztmylrc1+TV/iCYL7Wn0qibwmr4IL2r04NqKg2ru1Yad+x4htQeKyVjF9+g7A\nR6EZgmopYS7yLAW9NqXHyyH1eyup/NYIPjJDDwIDAQABAoIBAGEpehRVR0kXv26p\naKEoUahl46tIiq6tEUcd0iVCMenRDBSv3UzbcHMtra3qbyAE2y7/NkYTOD/uWjpQ\nWn2vLThhyTTR/1BXIaNzeto7pCRbYmaqxam+1KTAbfTnz5pCELPNofa2sbbPaUE0\nhGv9DMdiY/XHLVmYGW19lyLd20qSqJiKAVxdQOKLZjCpVTnMUCg8bIOnS9sVEbR2\nXLazs7oSbb4oC5Vm7c/G4KePzZGIletZPRLdm/1761FzVl70kyd4pvUeLZuioqhe\nLD0vskia8i6PkSOvKIli4oBwHLhNGp+A60pjpR5jdOJJ300vCOGdw2v1RHFp7xz8\nLVpmUMECgYEA64NmjvOErYjMjIAb46NAFMoA0s+v3UiZnezAqplZzeloXRXMnfMh\nDHlUI10egoYNUxbmXkKn4JaASngW7FHihn3LHdmPGoC4gSC2FXEprqYD0/Yc2NMm\n+Kwrw37jD6X/iPBja6KBZHhOQtTakDTQnsetZrHWXhf0A8Stlewr/tECgYEAzNFm\nIkDlXYLsB/Z6fpIBl5U/dL+WQZsF/fUeUi3nbKZMFMGrEBM4QyELMeJv7O1sWcE7\nV+neTe5dxIqsQQfI6bQkO//xsXtLI+gHD33VS4k3reYL7uEhmoK5T1z0WsuiXiXt\nutN2Zxq9cSXgGtNUCnHjsNqRBgri7EyWHoxbW98CgYEAlOWcf6BiL7yfZezQtRjP\nONWFs8Jus35k8L1wCeuuJUr+Gmvf07SVHmfO1BTZZzgNUIzX1Jxbutgr/+jwxTP3\n/YOmWRblLKJZA/qEZAYJjkuTe/zLvCGzL+DaQl0EfS474n3ovXIeUEDnacVc8XMS\nunAPpy+kEhUexwsfm/uWzSECgYEAsk9Oql1zEXDsSZZkWBKGfk/5uYsdpanvkoM2\nTXcXNbilHaDpawpAffijhV9L76lXHeCi6Et7NL9jNLtBcS/00rj4np+Y69mZtf3H\nP85dxfAE4EkZdHLczWYnLBeRyAXmKi69A1wbhXF7IalGrDP0w08ZWZs+jFMn8W5P\ndvLcimMCgYEAvZqpwX/UTXp2WRz6d+kQ/kbswWElzwAIyVu2zGEuKgrtvQ78etf6\nUY++6KgOfBxpvy4f0D164HgC7BdeDIOvoMfhGDOmanWxCrQlpUAa7zAu6sxE2PDL\nFcQGOOhwjoaXxe+4ViC1LisN9ccw6Y92rmrXqYm9jazvletY5pWX+8o=\n-----END RSA PRIVATE KEY-----\n",
            "private_key_pem_pkcs8": "-----BEGIN PRIVATE KEY-----\nMIIEvwIBADANBgkqhkiG9w0BAQEFAASCBKkwggSlAgEAAoIBAQC8bVn2gsb5041T\n/HrM0DDZ3MpcTJYLuYTbb0p1VDdMwqOjyvzmS4VE/zQZkzn4PiRMvapB2xxXIsG4\nife2gHgM1xcYGT3wM4bvke7cyzASqXclFRt41HXHGjdHkdvdxbFKom2SZ8j0PIrY\nTbwoy+7iEjyDSenLh3wM1xz8kX4aFJ8o9U9s6mDbe80conUzSJEHhKzTtTOG9ELq\nEWrmrio6LkjZOS53scy8wR5M4JNOvHhYzKylHPO2bKWtzX5NX+IJgvtafSqJvCav\nggvavTg2oqDau7Vhp37HiG1B4rJWMX36DsBHoRmCailhLvIsBb02pcfLIfV7K6n8\n1gg+MkMPAgMBAAECggEAYSl6FFVHSRe/bqlooShRqGXjq0iKrq0RRx3SJUIx6dEM\nFK/dTNtwcy2trepvIATbLv82RhM4P+5aOlBafa8tOGHJNNH/UFcho3N62jukJFti\nZqrFqb7UpMBt9OfPmkIQs82h9raxts9pQTSEa/0Mx2Jj9cctWZgZbX2XIt3bSpKo\nmIoBXF1A4otmMKlVOcxQKDxsg6dL2xURtHZctrOzuhJtvigLlWbtz8bgp4/NkYiV\n61k9Et2b/XvrUXNWXvSTJ3im9R4tm6KiqF4sPS+ySJryLo+RI68oiWLigHAcuE0a\nn4DrSmOlHmN04knfTS8I4Z3Da/VEcWnvHPwtWmZQwQKBgQDrg2aO84StiMyMgBvj\no0AUygDSz6/dSJmd7MCqmVnN6WhdFcyd8yEMeVQjXR6Chg1TFuZeQqfgloBKeBbs\nUeKGfcsd2Y8agLiBILYVcSmupgPT9hzY0yb4rCvDfuMPpf+I8GNrooFkeE5C1NqQ\nNNCex61msdZeF/QDxK2V7Cv+0QKBgQDM0WYiQOVdguwH9np+kgGXlT90v5ZBmwX9\n9R5SLedspkwUwasQEzhDIQsx4m/s7WxZwTtX6d5N7l3EiqxBB8jptCQ7//Gxe0sj\n6AcPfdVLiTet5gvu4SGagrlPXPRay6JeJe2603ZnGr1xJeAa01QKceOw2pEGCuLs\nTJYejFtb3wKBgQCU5Zx/oGIvvJ9l7NC1GM841YWzwm6zfmTwvXAJ664lSv4aa9/T\ntJUeZ87UFNlnOA1QjNfUnFu62Cv/6PDFM/f9g6ZZFuUsolkD+oRkBgmOS5N7/Mu8\nIbMv4NpCXQR9Ljvifei9ch5QQOdpxVzxcxK6cA+nL6QSFR7HCx+b+5bNIQKBgQCy\nT06qXXMRcOxJlmRYEoZ+T/m5ix2lqe+SgzZNdxc1uKUdoOlrCkB9+KOFX0vvqVcd\n4KLoS3s0v2M0u0FxL/TSuPien5jr2Zm1/cc/zl3F8ATgSRl0ctzNZicsF5HIBeYq\nLr0DXBuFcXshqUasM/TDTxlZmz6MUyfxbk928tyKYwKBgQC9mqnBf9RNenZZHPp3\n6RD+RuzBYSXPAAjJW7bMYS4qCu29Dvx61/pRj77oqA58HGm/Lh/QPXrgeALsF14M\ng6+gx+EYM6ZqdbEKtCWlQBrvMC7qzETY8MsVxAY46HCOhpfF77hWILUuKw31xzDp\nj3auatepib2NrO+V61jmlZf7yg==\n-----END PRIVATE KEY-----\n",
            "public_key_fingerprint_md5": "16:81:eb:e3:b3:a6:a1:a7:46:11:22:b1:ec:e5:31:7b",
            "public_key_fingerprint_sha256": "SHA256:cwyKi0EEluC3RToiuspB58nQ41N8LoOSUjCkVehuxNg",
            "public_key_openssh": "ssh-rsa AAAAB3NzaC1yc2EAAAADAQABAAABAQC8bVn2gsb5041T/HrM0DDZ3MpcTJYLuYTbb0p1VDdMwqOjyvzmS4VE/zQZkzn4PiRMvapB2xxXIsG4ife2gHgM1xcYGT3wM4bvke7cyzASqXclFRt41HXHGjdHkdvdxbFKom2SZ8j0PIrYTbwoy+7iEjyDSenLh3wM1xz8kX4aFJ8o9U9s6mDbe80conUzSJEHhKzTtTOG9ELqEWrmrio6LkjZOS53scy8wR5M4JNOvHhYzKylHPO2bKWtzX5NX+IJgvtafSqJvCavggvavTg2oqDau7Vhp37HiG1B4rJWMX36DsBHoRmCailhLvIsBb02pcfLIfV7K6n81gg+MkMP\n",
            "public_key_pem": "-----BEGIN PUBLIC KEY-----\nMIIBIjANBgkqhkiG9w0BAQEFAAOCAQ8AMIIBCgKCAQEAvG1Z9oLG+dONU/x6zNAw\n2dzKXEyWC7mE229KdVQ3TMKjo8r85kuFRP80GZM5+D4kTL2qQdscVyLBuIn3toB4\nDNcXGBk98DOG75Hu3MswEql3JRUbeNR1xxo3R5Hb3cWxSqJtkmfI9DyK2E28KMvu\n4hI8g0npy4d8DNcc/JF+GhSfKPVPbOpg23vNHKJ1M0iRB4Ss07UzhvRC6hFq5q4q\nOi5I2Tkud7HMvMEeTOCTTrx4WMyspRzztmylrc1+TV/iCYL7Wn0qibwmr4IL2r04\nNqKg2ru1Yad+x4htQeKyVjF9+g7AR6EZgmopYS7yLAW9NqXHyyH1eyup/NYIPjJD\nDwIDAQAB\n-----END PUBLIC KEY-----\n",
            "rsa_bits": 2048
          },
          "sensitive_attributes": [
            [
              {
                "type": "get_attr",
                "value": "private_key_openssh"
              }
            ],
            [
              {
                "type": "get_attr",
                "value": "private_key_pem"
              }
            ],
            [
              {
                "type": "get_attr",
                "value": "private_key_pem_pkcs8"
              }
            ]
          ]
        }
      ]
    }
  ],
  "check_results": [
    {
      "object_kind": "var",
      "config_addr": "var.env",
      "status": "pass",
      "objects": [
        {
          "object_addr": "var.env",
          "status": "pass"
        }
      ]
    }
  ]
}
